
Microsoft Visual Studio Solution File, Format Version 12.00
# Visual Studio Version 17
VisualStudioVersion = 17.0.31903.59
MinimumVisualStudioVersion = 10.0.40219.1
Project("{FAE04EC0-301F-11D3-BF4B-00C04F79EFBC}") = "Yusuf", "Tutorial\Day1\Yusuf.csproj", "{F284DC2D-83F4-40C6-B494-CD9E6AD7F9EA}"
EndProject
Project("{FAE04EC0-301F-11D3-BF4B-00C04F79EFBC}") = "Day3", "Tutorial\Day3\Day3.csproj", "{E2A0BFD3-71ED-441C-BB7B-C1EA044680B9}"
EndProject
Project("{FAE04EC0-301F-11D3-BF4B-00C04F79EFBC}") = "Day4", "Tutorial\Day4\Day4.csproj", "{C22F4189-836F-4882-8B76-838E38A11D83}"
EndProject
Project("{2150E333-8FDC-42A3-9474-1A3956D46DE8}") = "Tutorial", "Tutorial", "{094489A4-DA67-4A4B-BC52-B8F38DD5074A}"
EndProject
Project("{FAE04EC0-301F-11D3-BF4B-00C04F79EFBC}") = "CatProgram", "Day2\CatProgram\CatProgram.csproj", "{5E22B7D8-E656-4911-8516-30A9D29F14A6}"
EndProject
Project("{FAE04EC0-301F-11D3-BF4B-00C04F79EFBC}") = "CatProgramParameter", "Day2\CatProgramParameter\CatProgramParameter.csproj", "{F4BBF15E-1554-4B4D-8CB9-4A1F17FE2155}"
EndProject
Project("{FAE04EC0-301F-11D3-BF4B-00C04F79EFBC}") = "Calculator", "Day2\Calculator\Calculator.csproj", "{06CD1CC6-ACC2-432C-AB2C-FF53E25E77B6}"
EndProject
Project("{FAE04EC0-301F-11D3-BF4B-00C04F79EFBC}") = "Car Project", "Day2\Car Project\Car Project.csproj", "{9F2C0A31-5B6E-49E0-AF7C-AC2EC0961B32}"
EndProject
Project("{2150E333-8FDC-42A3-9474-1A3956D46DE8}") = "Day 2", "Day 2", "{00183C62-D812-4826-9F8F-3936FDEA960A}"
EndProject
Global
	GlobalSection(SolutionConfigurationPlatforms) = preSolution
		Debug|Any CPU = Debug|Any CPU
		Release|Any CPU = Release|Any CPU
	EndGlobalSection
	GlobalSection(SolutionProperties) = preSolution
		HideSolutionNode = FALSE
	EndGlobalSection
	GlobalSection(ProjectConfigurationPlatforms) = postSolution
		{F284DC2D-83F4-40C6-B494-CD9E6AD7F9EA}.Debug|Any CPU.ActiveCfg = Debug|Any CPU
		{F284DC2D-83F4-40C6-B494-CD9E6AD7F9EA}.Debug|Any CPU.Build.0 = Debug|Any CPU
		{F284DC2D-83F4-40C6-B494-CD9E6AD7F9EA}.Release|Any CPU.ActiveCfg = Release|Any CPU
		{F284DC2D-83F4-40C6-B494-CD9E6AD7F9EA}.Release|Any CPU.Build.0 = Release|Any CPU
		{E2A0BFD3-71ED-441C-BB7B-C1EA044680B9}.Debug|Any CPU.ActiveCfg = Debug|Any CPU
		{E2A0BFD3-71ED-441C-BB7B-C1EA044680B9}.Debug|Any CPU.Build.0 = Debug|Any CPU
		{E2A0BFD3-71ED-441C-BB7B-C1EA044680B9}.Release|Any CPU.ActiveCfg = Release|Any CPU
		{E2A0BFD3-71ED-441C-BB7B-C1EA044680B9}.Release|Any CPU.Build.0 = Release|Any CPU
		{C22F4189-836F-4882-8B76-838E38A11D83}.Debug|Any CPU.ActiveCfg = Debug|Any CPU
		{C22F4189-836F-4882-8B76-838E38A11D83}.Debug|Any CPU.Build.0 = Debug|Any CPU
		{C22F4189-836F-4882-8B76-838E38A11D83}.Release|Any CPU.ActiveCfg = Release|Any CPU
		{C22F4189-836F-4882-8B76-838E38A11D83}.Release|Any CPU.Build.0 = Release|Any CPU
		{5E22B7D8-E656-4911-8516-30A9D29F14A6}.Debug|Any CPU.ActiveCfg = Debug|Any CPU
		{5E22B7D8-E656-4911-8516-30A9D29F14A6}.Debug|Any CPU.Build.0 = Debug|Any CPU
		{5E22B7D8-E656-4911-8516-30A9D29F14A6}.Release|Any CPU.ActiveCfg = Release|Any CPU
		{5E22B7D8-E656-4911-8516-30A9D29F14A6}.Release|Any CPU.Build.0 = Release|Any CPU
		{F4BBF15E-1554-4B4D-8CB9-4A1F17FE2155}.Debug|Any CPU.ActiveCfg = Debug|Any CPU
		{F4BBF15E-1554-4B4D-8CB9-4A1F17FE2155}.Debug|Any CPU.Build.0 = Debug|Any CPU
		{F4BBF15E-1554-4B4D-8CB9-4A1F17FE2155}.Release|Any CPU.ActiveCfg = Release|Any CPU
		{F4BBF15E-1554-4B4D-8CB9-4A1F17FE2155}.Release|Any CPU.Build.0 = Release|Any CPU
		{06CD1CC6-ACC2-432C-AB2C-FF53E25E77B6}.Debug|Any CPU.ActiveCfg = Debug|Any CPU
		{06CD1CC6-ACC2-432C-AB2C-FF53E25E77B6}.Debug|Any CPU.Build.0 = Debug|Any CPU
		{06CD1CC6-ACC2-432C-AB2C-FF53E25E77B6}.Release|Any CPU.ActiveCfg = Release|Any CPU
		{06CD1CC6-ACC2-432C-AB2C-FF53E25E77B6}.Release|Any CPU.Build.0 = Release|Any CPU
		{9F2C0A31-5B6E-49E0-AF7C-AC2EC0961B32}.Debug|Any CPU.ActiveCfg = Debug|Any CPU
		{9F2C0A31-5B6E-49E0-AF7C-AC2EC0961B32}.Debug|Any CPU.Build.0 = Debug|Any CPU
		{9F2C0A31-5B6E-49E0-AF7C-AC2EC0961B32}.Release|Any CPU.ActiveCfg = Release|Any CPU
		{9F2C0A31-5B6E-49E0-AF7C-AC2EC0961B32}.Release|Any CPU.Build.0 = Release|Any CPU
	EndGlobalSection
	GlobalSection(NestedProjects) = preSolution
		{F4BBF15E-1554-4B4D-8CB9-4A1F17FE2155} = {00183C62-D812-4826-9F8F-3936FDEA960A}
		{5E22B7D8-E656-4911-8516-30A9D29F14A6} = {00183C62-D812-4826-9F8F-3936FDEA960A}
		{9F2C0A31-5B6E-49E0-AF7C-AC2EC0961B32} = {00183C62-D812-4826-9F8F-3936FDEA960A}
		{06CD1CC6-ACC2-432C-AB2C-FF53E25E77B6} = {00183C62-D812-4826-9F8F-3936FDEA960A}
		{C22F4189-836F-4882-8B76-838E38A11D83} = {094489A4-DA67-4A4B-BC52-B8F38DD5074A}
		{E2A0BFD3-71ED-441C-BB7B-C1EA044680B9} = {094489A4-DA67-4A4B-BC52-B8F38DD5074A}
		{F284DC2D-83F4-40C6-B494-CD9E6AD7F9EA} = {094489A4-DA67-4A4B-BC52-B8F38DD5074A}
	EndGlobalSection
EndGlobal
