
Microsoft Visual Studio Solution File, Format Version 12.00
# Visual Studio Version 17
VisualStudioVersion = 17.0.31903.59
MinimumVisualStudioVersion = 10.0.40219.1
Project("{FAE04EC0-301F-11D3-BF4B-00C04F79EFBC}") = "Yusuf", "Tutorial\Day1\Yusuf.csproj", "{F284DC2D-83F4-40C6-B494-CD9E6AD7F9EA}"
EndProject
Project("{FAE04EC0-301F-11D3-BF4B-00C04F79EFBC}") = "Day 3", "Tutorial\Day3\Day3.csproj", "{E2A0BFD3-71ED-441C-BB7B-C1EA044680B9}"
EndProject
Project("{FAE04EC0-301F-11D3-BF4B-00C04F79EFBC}") = "Day4", "Tutorial\Day4\Day4.csproj", "{C22F4189-836F-4882-8B76-838E38A11D83}"
EndProject
Project("{2150E333-8FDC-42A3-9474-1A3956D46DE8}") = "Tutorial", "Tutorial", "{094489A4-DA67-4A4B-BC52-B8F38DD5074A}"
EndProject
Project("{FAE04EC0-301F-11D3-BF4B-00C04F79EFBC}") = "CatProgram", "Day2\CatProgram\CatProgram.csproj", "{5E22B7D8-E656-4911-8516-30A9D29F14A6}"
EndProject
Project("{FAE04EC0-301F-11D3-BF4B-00C04F79EFBC}") = "CatProgramParameter", "Day2\CatProgramParameter\CatProgramParameter.csproj", "{F4BBF15E-1554-4B4D-8CB9-4A1F17FE2155}"
EndProject
Project("{FAE04EC0-301F-11D3-BF4B-00C04F79EFBC}") = "Calculator", "Day2\Calculator\Calculator.csproj", "{06CD1CC6-ACC2-432C-AB2C-FF53E25E77B6}"
EndProject
Project("{FAE04EC0-301F-11D3-BF4B-00C04F79EFBC}") = "Car Project", "Day2\Car Project\Car Project.csproj", "{9F2C0A31-5B6E-49E0-AF7C-AC2EC0961B32}"
EndProject
Project("{2150E333-8FDC-42A3-9474-1A3956D46DE8}") = "Day 2", "Day 2", "{00183C62-D812-4826-9F8F-3936FDEA960A}"
EndProject
Project("{2150E333-8FDC-42A3-9474-1A3956D46DE8}") = "Day 3", "Day 3", "{C4E3EFB9-DF8A-4D47-A5EA-90CACDA1BCD7}"
EndProject
Project("{FAE04EC0-301F-11D3-BF4B-00C04F79EFBC}") = "A_InheritanceTutorial", "Day3\A_InheritanceTutorial\A_InheritanceTutorial.csproj", "{8E978300-81F8-4E1A-ACE4-1F1E1380DD3D}"
EndProject
Project("{FAE04EC0-301F-11D3-BF4B-00C04F79EFBC}") = "B_Inheritance_ChildConstructor", "Day3\B_Inheritance_ChildConstructor\B_Inheritance_ChildConstructor.csproj", "{C9B9FE99-D22C-49F4-99FC-B3B72031B52E}"
EndProject
Project("{FAE04EC0-301F-11D3-BF4B-00C04F79EFBC}") = "C_Inheritance_ParentConstructor", "Day3\C_Inheritance_ParentConstructor\C_Inheritance_ParentConstructor.csproj", "{2F518168-A558-41EE-946C-B4BD1C6D295D}"
EndProject
Project("{FAE04EC0-301F-11D3-BF4B-00C04F79EFBC}") = "D_Inheritance_ParentConstructorOverloading", "Day3\D_Inheritance_ParentConstructorOverloading\D_Inheritance_ParentConstructorOverloading.csproj", "{A6024B4F-3494-426D-B10D-0128E8A08D06}"
EndProject
Project("{FAE04EC0-301F-11D3-BF4B-00C04F79EFBC}") = "E_Inheritance_Parent=Child", "Day3\E_Inheritance_Parent=Child\E_Inheritance_Parent=Child.csproj", "{44E8360C-AB70-48EF-982A-5D5F0FDC9117}"
EndProject
Project("{FAE04EC0-301F-11D3-BF4B-00C04F79EFBC}") = "F_Const&ReadOnly", "Day3\F_Const&ReadOnly\F_Const&ReadOnly.csproj", "{AD06661A-9D87-4342-9B96-62B05E4D38AC}"
EndProject
Project("{FAE04EC0-301F-11D3-BF4B-00C04F79EFBC}") = "G_DefaultAccessModifier", "Day3\G_DefaultAccessModifier\G_DefaultAccessModifier.csproj", "{463CC9CF-D73E-4D35-8EF3-47659548F6A1}"
EndProject
Project("{FAE04EC0-301F-11D3-BF4B-00C04F79EFBC}") = "H_PrivateMethod", "Day3\H_PrivateMethod\H_PrivateMethod.csproj", "{9946F6ED-A79B-4874-9A27-B000FC69010C}"
EndProject
Project("{FAE04EC0-301F-11D3-BF4B-00C04F79EFBC}") = "I_Overloading", "Day3\I_Overloading\I_Overloading.csproj", "{A8678BCE-4830-4E13-8939-39646D0D1028}"
EndProject
Project("{FAE04EC0-301F-11D3-BF4B-00C04F79EFBC}") = "J_VirtualOverride", "Day3\J_VirtualOverride\J_VirtualOverride.csproj", "{0CF5D6F4-E8BE-4F3D-9555-DED5B0987FCF}"
EndProject
Project("{FAE04EC0-301F-11D3-BF4B-00C04F79EFBC}") = "K_Overriding_Parent=Child", "Day3\K_Overriding_Parent=Child\K_Overriding_Parent=Child.csproj", "{C0D3D061-2B2E-4D76-923E-6F8030E158A1}"
EndProject
Project("{FAE04EC0-301F-11D3-BF4B-00C04F79EFBC}") = "L_MethodHiding", "Day3\L_MethodHiding\L_MethodHiding.csproj", "{B7034959-DE51-4602-9AC3-F5F34D6398EF}"
EndProject
Project("{FAE04EC0-301F-11D3-BF4B-00C04F79EFBC}") = "M_ImplementationOfOverriding", "Day3\M_ImplementationOfOverriding\M_ImplementationOfOverriding.csproj", "{74CFAA2F-B3CD-40B7-A863-51DDE5E8E2A8}"
EndProject
Project("{2150E333-8FDC-42A3-9474-1A3956D46DE8}") = "Day 4", "Day 4", "{FB1FD5F3-4740-4017-9911-D6775398D1DF}"
EndProject
Project("{FAE04EC0-301F-11D3-BF4B-00C04F79EFBC}") = "A_AbstractClass", "Day4\A_AbstractClass\A_AbstractClass.csproj", "{7D525244-C354-4BA3-8902-86320C8467F9}"
EndProject
Project("{FAE04EC0-301F-11D3-BF4B-00C04F79EFBC}") = "B_Abstract_ParentChild", "Day4\B_Abstract_ParentChild\B_Abstract_ParentChild.csproj", "{4793DB4A-1EA3-4A02-AB21-17934E748720}"
EndProject
Project("{FAE04EC0-301F-11D3-BF4B-00C04F79EFBC}") = "C_Abstract_ParentChild2", "Day4\C_Abstract_ParentChild2\C_Abstract_ParentChild2.csproj", "{D2F044C0-3241-46EA-9408-22E8C9CB25A5}"
EndProject
Project("{FAE04EC0-301F-11D3-BF4B-00C04F79EFBC}") = "D_Interface_Basic", "Day4\D_Interface_Basic\D_Interface_Basic.csproj", "{21335A83-FD65-4E9B-83EE-8CBC3BE08A40}"
EndProject
Project("{FAE04EC0-301F-11D3-BF4B-00C04F79EFBC}") = "E_Interface_ISP", "Day4\E_Interface_ISP\E_Interface_ISP.csproj", "{C9BF181F-FF16-4ADA-B157-3BEAA258E592}"
EndProject
Project("{FAE04EC0-301F-11D3-BF4B-00C04F79EFBC}") = "F_Interface_ISPImplementation", "Day4\F_Interface_ISPImplementation\F_Interface_ISPImplementation.csproj", "{F94A504C-C970-42FF-9647-FDA8C732AA47}"
EndProject
Project("{FAE04EC0-301F-11D3-BF4B-00C04F79EFBC}") = "G_Interface_WhyNeedInterface", "Day4\G_Interface_WhyNeedInterface\G_Interface_WhyNeedInterface.csproj", "{F176F4B1-D7D3-451A-B3E5-6ABBFE4413F9}"
EndProject
Project("{FAE04EC0-301F-11D3-BF4B-00C04F79EFBC}") = "H_Interface_BaseThis", "Day4\E_Interface_BaseThis\H_Interface_BaseThis.csproj", "{9F6EB39F-904B-4456-8A0B-154FEA28D945}"
EndProject
Project("{FAE04EC0-301F-11D3-BF4B-00C04F79EFBC}") = "I_Static_Introduction", "Day4\I_Static_Introduction\I_Static_Introduction.csproj", "{345C347B-0256-4FCC-99C1-8589D2D18A21}"
EndProject
Project("{2150E333-8FDC-42A3-9474-1A3956D46DE8}") = "Day 5", "Day 5", "{9A0A5F84-F91A-47DB-8A0E-6B915E6C35B3}"
EndProject
Global
	GlobalSection(SolutionConfigurationPlatforms) = preSolution
		Debug|Any CPU = Debug|Any CPU
		Release|Any CPU = Release|Any CPU
	EndGlobalSection
	GlobalSection(SolutionProperties) = preSolution
		HideSolutionNode = FALSE
	EndGlobalSection
	GlobalSection(ProjectConfigurationPlatforms) = postSolution
		{F284DC2D-83F4-40C6-B494-CD9E6AD7F9EA}.Debug|Any CPU.ActiveCfg = Debug|Any CPU
		{F284DC2D-83F4-40C6-B494-CD9E6AD7F9EA}.Debug|Any CPU.Build.0 = Debug|Any CPU
		{F284DC2D-83F4-40C6-B494-CD9E6AD7F9EA}.Release|Any CPU.ActiveCfg = Release|Any CPU
		{F284DC2D-83F4-40C6-B494-CD9E6AD7F9EA}.Release|Any CPU.Build.0 = Release|Any CPU
		{E2A0BFD3-71ED-441C-BB7B-C1EA044680B9}.Debug|Any CPU.ActiveCfg = Debug|Any CPU
		{E2A0BFD3-71ED-441C-BB7B-C1EA044680B9}.Debug|Any CPU.Build.0 = Debug|Any CPU
		{E2A0BFD3-71ED-441C-BB7B-C1EA044680B9}.Release|Any CPU.ActiveCfg = Release|Any CPU
		{E2A0BFD3-71ED-441C-BB7B-C1EA044680B9}.Release|Any CPU.Build.0 = Release|Any CPU
		{C22F4189-836F-4882-8B76-838E38A11D83}.Debug|Any CPU.ActiveCfg = Debug|Any CPU
		{C22F4189-836F-4882-8B76-838E38A11D83}.Debug|Any CPU.Build.0 = Debug|Any CPU
		{C22F4189-836F-4882-8B76-838E38A11D83}.Release|Any CPU.ActiveCfg = Release|Any CPU
		{C22F4189-836F-4882-8B76-838E38A11D83}.Release|Any CPU.Build.0 = Release|Any CPU
		{5E22B7D8-E656-4911-8516-30A9D29F14A6}.Debug|Any CPU.ActiveCfg = Debug|Any CPU
		{5E22B7D8-E656-4911-8516-30A9D29F14A6}.Debug|Any CPU.Build.0 = Debug|Any CPU
		{5E22B7D8-E656-4911-8516-30A9D29F14A6}.Release|Any CPU.ActiveCfg = Release|Any CPU
		{5E22B7D8-E656-4911-8516-30A9D29F14A6}.Release|Any CPU.Build.0 = Release|Any CPU
		{F4BBF15E-1554-4B4D-8CB9-4A1F17FE2155}.Debug|Any CPU.ActiveCfg = Debug|Any CPU
		{F4BBF15E-1554-4B4D-8CB9-4A1F17FE2155}.Debug|Any CPU.Build.0 = Debug|Any CPU
		{F4BBF15E-1554-4B4D-8CB9-4A1F17FE2155}.Release|Any CPU.ActiveCfg = Release|Any CPU
		{F4BBF15E-1554-4B4D-8CB9-4A1F17FE2155}.Release|Any CPU.Build.0 = Release|Any CPU
		{06CD1CC6-ACC2-432C-AB2C-FF53E25E77B6}.Debug|Any CPU.ActiveCfg = Debug|Any CPU
		{06CD1CC6-ACC2-432C-AB2C-FF53E25E77B6}.Debug|Any CPU.Build.0 = Debug|Any CPU
		{06CD1CC6-ACC2-432C-AB2C-FF53E25E77B6}.Release|Any CPU.ActiveCfg = Release|Any CPU
		{06CD1CC6-ACC2-432C-AB2C-FF53E25E77B6}.Release|Any CPU.Build.0 = Release|Any CPU
		{9F2C0A31-5B6E-49E0-AF7C-AC2EC0961B32}.Debug|Any CPU.ActiveCfg = Debug|Any CPU
		{9F2C0A31-5B6E-49E0-AF7C-AC2EC0961B32}.Debug|Any CPU.Build.0 = Debug|Any CPU
		{9F2C0A31-5B6E-49E0-AF7C-AC2EC0961B32}.Release|Any CPU.ActiveCfg = Release|Any CPU
		{9F2C0A31-5B6E-49E0-AF7C-AC2EC0961B32}.Release|Any CPU.Build.0 = Release|Any CPU
		{8E978300-81F8-4E1A-ACE4-1F1E1380DD3D}.Debug|Any CPU.ActiveCfg = Debug|Any CPU
		{8E978300-81F8-4E1A-ACE4-1F1E1380DD3D}.Debug|Any CPU.Build.0 = Debug|Any CPU
		{8E978300-81F8-4E1A-ACE4-1F1E1380DD3D}.Release|Any CPU.ActiveCfg = Release|Any CPU
		{8E978300-81F8-4E1A-ACE4-1F1E1380DD3D}.Release|Any CPU.Build.0 = Release|Any CPU
		{C9B9FE99-D22C-49F4-99FC-B3B72031B52E}.Debug|Any CPU.ActiveCfg = Debug|Any CPU
		{C9B9FE99-D22C-49F4-99FC-B3B72031B52E}.Debug|Any CPU.Build.0 = Debug|Any CPU
		{C9B9FE99-D22C-49F4-99FC-B3B72031B52E}.Release|Any CPU.ActiveCfg = Release|Any CPU
		{C9B9FE99-D22C-49F4-99FC-B3B72031B52E}.Release|Any CPU.Build.0 = Release|Any CPU
		{2F518168-A558-41EE-946C-B4BD1C6D295D}.Debug|Any CPU.ActiveCfg = Debug|Any CPU
		{2F518168-A558-41EE-946C-B4BD1C6D295D}.Debug|Any CPU.Build.0 = Debug|Any CPU
		{2F518168-A558-41EE-946C-B4BD1C6D295D}.Release|Any CPU.ActiveCfg = Release|Any CPU
		{2F518168-A558-41EE-946C-B4BD1C6D295D}.Release|Any CPU.Build.0 = Release|Any CPU
		{A6024B4F-3494-426D-B10D-0128E8A08D06}.Debug|Any CPU.ActiveCfg = Debug|Any CPU
		{A6024B4F-3494-426D-B10D-0128E8A08D06}.Debug|Any CPU.Build.0 = Debug|Any CPU
		{A6024B4F-3494-426D-B10D-0128E8A08D06}.Release|Any CPU.ActiveCfg = Release|Any CPU
		{A6024B4F-3494-426D-B10D-0128E8A08D06}.Release|Any CPU.Build.0 = Release|Any CPU
		{44E8360C-AB70-48EF-982A-5D5F0FDC9117}.Debug|Any CPU.ActiveCfg = Debug|Any CPU
		{44E8360C-AB70-48EF-982A-5D5F0FDC9117}.Debug|Any CPU.Build.0 = Debug|Any CPU
		{44E8360C-AB70-48EF-982A-5D5F0FDC9117}.Release|Any CPU.ActiveCfg = Release|Any CPU
		{44E8360C-AB70-48EF-982A-5D5F0FDC9117}.Release|Any CPU.Build.0 = Release|Any CPU
		{AD06661A-9D87-4342-9B96-62B05E4D38AC}.Debug|Any CPU.ActiveCfg = Debug|Any CPU
		{AD06661A-9D87-4342-9B96-62B05E4D38AC}.Debug|Any CPU.Build.0 = Debug|Any CPU
		{AD06661A-9D87-4342-9B96-62B05E4D38AC}.Release|Any CPU.ActiveCfg = Release|Any CPU
		{AD06661A-9D87-4342-9B96-62B05E4D38AC}.Release|Any CPU.Build.0 = Release|Any CPU
		{463CC9CF-D73E-4D35-8EF3-47659548F6A1}.Debug|Any CPU.ActiveCfg = Debug|Any CPU
		{463CC9CF-D73E-4D35-8EF3-47659548F6A1}.Debug|Any CPU.Build.0 = Debug|Any CPU
		{463CC9CF-D73E-4D35-8EF3-47659548F6A1}.Release|Any CPU.ActiveCfg = Release|Any CPU
		{463CC9CF-D73E-4D35-8EF3-47659548F6A1}.Release|Any CPU.Build.0 = Release|Any CPU
		{9946F6ED-A79B-4874-9A27-B000FC69010C}.Debug|Any CPU.ActiveCfg = Debug|Any CPU
		{9946F6ED-A79B-4874-9A27-B000FC69010C}.Debug|Any CPU.Build.0 = Debug|Any CPU
		{9946F6ED-A79B-4874-9A27-B000FC69010C}.Release|Any CPU.ActiveCfg = Release|Any CPU
		{9946F6ED-A79B-4874-9A27-B000FC69010C}.Release|Any CPU.Build.0 = Release|Any CPU
		{A8678BCE-4830-4E13-8939-39646D0D1028}.Debug|Any CPU.ActiveCfg = Debug|Any CPU
		{A8678BCE-4830-4E13-8939-39646D0D1028}.Debug|Any CPU.Build.0 = Debug|Any CPU
		{A8678BCE-4830-4E13-8939-39646D0D1028}.Release|Any CPU.ActiveCfg = Release|Any CPU
		{A8678BCE-4830-4E13-8939-39646D0D1028}.Release|Any CPU.Build.0 = Release|Any CPU
		{0CF5D6F4-E8BE-4F3D-9555-DED5B0987FCF}.Debug|Any CPU.ActiveCfg = Debug|Any CPU
		{0CF5D6F4-E8BE-4F3D-9555-DED5B0987FCF}.Debug|Any CPU.Build.0 = Debug|Any CPU
		{0CF5D6F4-E8BE-4F3D-9555-DED5B0987FCF}.Release|Any CPU.ActiveCfg = Release|Any CPU
		{0CF5D6F4-E8BE-4F3D-9555-DED5B0987FCF}.Release|Any CPU.Build.0 = Release|Any CPU
		{C0D3D061-2B2E-4D76-923E-6F8030E158A1}.Debug|Any CPU.ActiveCfg = Debug|Any CPU
		{C0D3D061-2B2E-4D76-923E-6F8030E158A1}.Debug|Any CPU.Build.0 = Debug|Any CPU
		{C0D3D061-2B2E-4D76-923E-6F8030E158A1}.Release|Any CPU.ActiveCfg = Release|Any CPU
		{C0D3D061-2B2E-4D76-923E-6F8030E158A1}.Release|Any CPU.Build.0 = Release|Any CPU
		{B7034959-DE51-4602-9AC3-F5F34D6398EF}.Debug|Any CPU.ActiveCfg = Debug|Any CPU
		{B7034959-DE51-4602-9AC3-F5F34D6398EF}.Debug|Any CPU.Build.0 = Debug|Any CPU
		{B7034959-DE51-4602-9AC3-F5F34D6398EF}.Release|Any CPU.ActiveCfg = Release|Any CPU
		{B7034959-DE51-4602-9AC3-F5F34D6398EF}.Release|Any CPU.Build.0 = Release|Any CPU
		{74CFAA2F-B3CD-40B7-A863-51DDE5E8E2A8}.Debug|Any CPU.ActiveCfg = Debug|Any CPU
		{74CFAA2F-B3CD-40B7-A863-51DDE5E8E2A8}.Debug|Any CPU.Build.0 = Debug|Any CPU
		{74CFAA2F-B3CD-40B7-A863-51DDE5E8E2A8}.Release|Any CPU.ActiveCfg = Release|Any CPU
		{74CFAA2F-B3CD-40B7-A863-51DDE5E8E2A8}.Release|Any CPU.Build.0 = Release|Any CPU
		{7D525244-C354-4BA3-8902-86320C8467F9}.Debug|Any CPU.ActiveCfg = Debug|Any CPU
		{7D525244-C354-4BA3-8902-86320C8467F9}.Debug|Any CPU.Build.0 = Debug|Any CPU
		{7D525244-C354-4BA3-8902-86320C8467F9}.Release|Any CPU.ActiveCfg = Release|Any CPU
		{7D525244-C354-4BA3-8902-86320C8467F9}.Release|Any CPU.Build.0 = Release|Any CPU
		{4793DB4A-1EA3-4A02-AB21-17934E748720}.Debug|Any CPU.ActiveCfg = Debug|Any CPU
		{4793DB4A-1EA3-4A02-AB21-17934E748720}.Debug|Any CPU.Build.0 = Debug|Any CPU
		{4793DB4A-1EA3-4A02-AB21-17934E748720}.Release|Any CPU.ActiveCfg = Release|Any CPU
		{4793DB4A-1EA3-4A02-AB21-17934E748720}.Release|Any CPU.Build.0 = Release|Any CPU
		{D2F044C0-3241-46EA-9408-22E8C9CB25A5}.Debug|Any CPU.ActiveCfg = Debug|Any CPU
		{D2F044C0-3241-46EA-9408-22E8C9CB25A5}.Debug|Any CPU.Build.0 = Debug|Any CPU
		{D2F044C0-3241-46EA-9408-22E8C9CB25A5}.Release|Any CPU.ActiveCfg = Release|Any CPU
		{D2F044C0-3241-46EA-9408-22E8C9CB25A5}.Release|Any CPU.Build.0 = Release|Any CPU
		{21335A83-FD65-4E9B-83EE-8CBC3BE08A40}.Debug|Any CPU.ActiveCfg = Debug|Any CPU
		{21335A83-FD65-4E9B-83EE-8CBC3BE08A40}.Debug|Any CPU.Build.0 = Debug|Any CPU
		{21335A83-FD65-4E9B-83EE-8CBC3BE08A40}.Release|Any CPU.ActiveCfg = Release|Any CPU
		{21335A83-FD65-4E9B-83EE-8CBC3BE08A40}.Release|Any CPU.Build.0 = Release|Any CPU
		{C9BF181F-FF16-4ADA-B157-3BEAA258E592}.Debug|Any CPU.ActiveCfg = Debug|Any CPU
		{C9BF181F-FF16-4ADA-B157-3BEAA258E592}.Debug|Any CPU.Build.0 = Debug|Any CPU
		{C9BF181F-FF16-4ADA-B157-3BEAA258E592}.Release|Any CPU.ActiveCfg = Release|Any CPU
		{C9BF181F-FF16-4ADA-B157-3BEAA258E592}.Release|Any CPU.Build.0 = Release|Any CPU
		{F94A504C-C970-42FF-9647-FDA8C732AA47}.Debug|Any CPU.ActiveCfg = Debug|Any CPU
		{F94A504C-C970-42FF-9647-FDA8C732AA47}.Debug|Any CPU.Build.0 = Debug|Any CPU
		{F94A504C-C970-42FF-9647-FDA8C732AA47}.Release|Any CPU.ActiveCfg = Release|Any CPU
		{F94A504C-C970-42FF-9647-FDA8C732AA47}.Release|Any CPU.Build.0 = Release|Any CPU
		{F176F4B1-D7D3-451A-B3E5-6ABBFE4413F9}.Debug|Any CPU.ActiveCfg = Debug|Any CPU
		{F176F4B1-D7D3-451A-B3E5-6ABBFE4413F9}.Debug|Any CPU.Build.0 = Debug|Any CPU
		{F176F4B1-D7D3-451A-B3E5-6ABBFE4413F9}.Release|Any CPU.ActiveCfg = Release|Any CPU
		{F176F4B1-D7D3-451A-B3E5-6ABBFE4413F9}.Release|Any CPU.Build.0 = Release|Any CPU
		{9F6EB39F-904B-4456-8A0B-154FEA28D945}.Debug|Any CPU.ActiveCfg = Debug|Any CPU
		{9F6EB39F-904B-4456-8A0B-154FEA28D945}.Debug|Any CPU.Build.0 = Debug|Any CPU
		{9F6EB39F-904B-4456-8A0B-154FEA28D945}.Release|Any CPU.ActiveCfg = Release|Any CPU
		{9F6EB39F-904B-4456-8A0B-154FEA28D945}.Release|Any CPU.Build.0 = Release|Any CPU
		{345C347B-0256-4FCC-99C1-8589D2D18A21}.Debug|Any CPU.ActiveCfg = Debug|Any CPU
		{345C347B-0256-4FCC-99C1-8589D2D18A21}.Debug|Any CPU.Build.0 = Debug|Any CPU
		{345C347B-0256-4FCC-99C1-8589D2D18A21}.Release|Any CPU.ActiveCfg = Release|Any CPU
		{345C347B-0256-4FCC-99C1-8589D2D18A21}.Release|Any CPU.Build.0 = Release|Any CPU
	EndGlobalSection
	GlobalSection(NestedProjects) = preSolution
		{345C347B-0256-4FCC-99C1-8589D2D18A21} = {FB1FD5F3-4740-4017-9911-D6775398D1DF}
		{9F6EB39F-904B-4456-8A0B-154FEA28D945} = {FB1FD5F3-4740-4017-9911-D6775398D1DF}
		{F176F4B1-D7D3-451A-B3E5-6ABBFE4413F9} = {FB1FD5F3-4740-4017-9911-D6775398D1DF}
		{F94A504C-C970-42FF-9647-FDA8C732AA47} = {FB1FD5F3-4740-4017-9911-D6775398D1DF}
		{C9BF181F-FF16-4ADA-B157-3BEAA258E592} = {FB1FD5F3-4740-4017-9911-D6775398D1DF}
		{21335A83-FD65-4E9B-83EE-8CBC3BE08A40} = {FB1FD5F3-4740-4017-9911-D6775398D1DF}
		{D2F044C0-3241-46EA-9408-22E8C9CB25A5} = {FB1FD5F3-4740-4017-9911-D6775398D1DF}
		{4793DB4A-1EA3-4A02-AB21-17934E748720} = {FB1FD5F3-4740-4017-9911-D6775398D1DF}
		{7D525244-C354-4BA3-8902-86320C8467F9} = {FB1FD5F3-4740-4017-9911-D6775398D1DF}
		{74CFAA2F-B3CD-40B7-A863-51DDE5E8E2A8} = {C4E3EFB9-DF8A-4D47-A5EA-90CACDA1BCD7}
		{B7034959-DE51-4602-9AC3-F5F34D6398EF} = {C4E3EFB9-DF8A-4D47-A5EA-90CACDA1BCD7}
		{C0D3D061-2B2E-4D76-923E-6F8030E158A1} = {C4E3EFB9-DF8A-4D47-A5EA-90CACDA1BCD7}
		{0CF5D6F4-E8BE-4F3D-9555-DED5B0987FCF} = {C4E3EFB9-DF8A-4D47-A5EA-90CACDA1BCD7}
		{A8678BCE-4830-4E13-8939-39646D0D1028} = {C4E3EFB9-DF8A-4D47-A5EA-90CACDA1BCD7}
		{9946F6ED-A79B-4874-9A27-B000FC69010C} = {C4E3EFB9-DF8A-4D47-A5EA-90CACDA1BCD7}
		{463CC9CF-D73E-4D35-8EF3-47659548F6A1} = {C4E3EFB9-DF8A-4D47-A5EA-90CACDA1BCD7}
		{AD06661A-9D87-4342-9B96-62B05E4D38AC} = {C4E3EFB9-DF8A-4D47-A5EA-90CACDA1BCD7}
		{44E8360C-AB70-48EF-982A-5D5F0FDC9117} = {C4E3EFB9-DF8A-4D47-A5EA-90CACDA1BCD7}
		{A6024B4F-3494-426D-B10D-0128E8A08D06} = {C4E3EFB9-DF8A-4D47-A5EA-90CACDA1BCD7}
		{2F518168-A558-41EE-946C-B4BD1C6D295D} = {C4E3EFB9-DF8A-4D47-A5EA-90CACDA1BCD7}
		{C9B9FE99-D22C-49F4-99FC-B3B72031B52E} = {C4E3EFB9-DF8A-4D47-A5EA-90CACDA1BCD7}
		{8E978300-81F8-4E1A-ACE4-1F1E1380DD3D} = {C4E3EFB9-DF8A-4D47-A5EA-90CACDA1BCD7}
		{F4BBF15E-1554-4B4D-8CB9-4A1F17FE2155} = {00183C62-D812-4826-9F8F-3936FDEA960A}
		{5E22B7D8-E656-4911-8516-30A9D29F14A6} = {00183C62-D812-4826-9F8F-3936FDEA960A}
		{9F2C0A31-5B6E-49E0-AF7C-AC2EC0961B32} = {00183C62-D812-4826-9F8F-3936FDEA960A}
		{06CD1CC6-ACC2-432C-AB2C-FF53E25E77B6} = {00183C62-D812-4826-9F8F-3936FDEA960A}
		{C22F4189-836F-4882-8B76-838E38A11D83} = {094489A4-DA67-4A4B-BC52-B8F38DD5074A}
		{E2A0BFD3-71ED-441C-BB7B-C1EA044680B9} = {094489A4-DA67-4A4B-BC52-B8F38DD5074A}
		{F284DC2D-83F4-40C6-B494-CD9E6AD7F9EA} = {094489A4-DA67-4A4B-BC52-B8F38DD5074A}
	EndGlobalSection
EndGlobal
